<Project xmlns="http://schemas.microsoft.com/developer/msbuild/2003" ToolsVersion="4.0">
  <ItemGroup>
    <Filter Include="src" />
    <Filter Include="inc" />
    <Filter Include="res" />
  </ItemGroup>
  <ItemGroup>
    <ClCompile Include="..\src\fist.cpp">
      <Filter>src</Filter>
    </ClCompile>
    <ClCompile Include="..\src\bsp_tree_builder.cpp">
      <Filter>src</Filter>
    </ClCompile>
    <ClCompile Include="..\src\wad_loader.cpp">
      <Filter>src</Filter>
    </ClCompile>
    <ClCompile Include="..\src\app.cpp">
      <Filter>src</Filter>
    </ClCompile>
    <ClCompile Include="..\src\config.cpp">
      <Filter>src</Filter>
    </ClCompile>
    <ClCompile Include="..\src\bsp.cpp">
      <Filter>src</Filter>
    </ClCompile>
    <ClCompile Include="..\src\types.cpp">
      <Filter>src</Filter>
    </ClCompile>
    <ClCompile Include="..\src\prototype_state.cpp">
      <Filter>src</Filter>
    </ClCompile>
    <ClCompile Include="..\src\game_state.cpp">
      <Filter>src</Filter>
    </ClCompile>
    <ClCompile Include="..\src\texture_viewer.cpp">
      <Filter>src</Filter>
    </ClCompile>
  </ItemGroup>
  <ItemGroup>
    <ClInclude Include="..\src\types.h">
      <Filter>inc</Filter>
    </ClInclude>
    <ClInclude Include="..\src\bsp_tree_builder.h">
      <Filter>inc</Filter>
    </ClInclude>
    <ClInclude Include="..\src\wad_loader.h">
      <Filter>inc</Filter>
    </ClInclude>
    <ClInclude Include="..\src\appstate.h">
      <Filter>inc</Filter>
    </ClInclude>
    <ClInclude Include="..\src\app.h">
      <Filter>inc</Filter>
    </ClInclude>
    <ClInclude Include="..\src\config.h">
      <Filter>inc</Filter>
    </ClInclude>
    <ClInclude Include="..\src\bsp.h">
      <Filter>inc</Filter>
    </ClInclude>
    <ClInclude Include="..\src\prototype_state.h">
      <Filter>inc</Filter>
    </ClInclude>
    <ClInclude Include="..\src\game_state.h">
      <Filter>inc</Filter>
    </ClInclude>
    <ClInclude Include="..\src\texture_viewer.h">
      <Filter>inc</Filter>
    </ClInclude>
  </ItemGroup>
</Project>