
Microsoft Visual Studio Solution File, Format Version 12.00
# Visual Studio Version 16
VisualStudioVersion = 16.0.30204.135
MinimumVisualStudioVersion = 10.0.40219.1
Project("{2150E333-8FDC-42A3-9474-1A3956D46DE8}") = "engine", "engine", "{869FEB5D-E4DA-4705-A28E-BF37E080574E}"
EndProject
Project("{8BC9CEB8-8B4A-11D0-8D11-00A0C91BC942}") = "inept", "inept.vcxproj", "{008E2D09-17A3-4A13-A3C0-406F93A5F9A3}"
EndProject
Project("{2150E333-8FDC-42A3-9474-1A3956D46DE8}") = "tools", "tools", "{5AF9EF49-ACD5-417B-AEE2-E23A35ABD514}"
EndProject
Project("{8BC9CEB8-8B4A-11D0-8D11-00A0C91BC942}") = "fontgen", "..\tools\fontgen\project\fontgen.vcxproj", "{5D156C02-4D05-4352-8DD9-C8FEAA22E410}"
EndProject
Project("{8BC9CEB8-8B4A-11D0-8D11-00A0C91BC942}") = "bin2h", "..\tools\bin2h\project\bin2h.vcxproj", "{36A9E5E3-8E3D-47CC-B833-2D17065D1F77}"
EndProject
Project("{2150E333-8FDC-42A3-9474-1A3956D46DE8}") = "apps", "apps", "{EC377912-C95A-4A3F-8879-6972ED1F491C}"
EndProject
Project("{8BC9CEB8-8B4A-11D0-8D11-00A0C91BC942}") = "bootstrap", "..\apps\bootstrap\project\bootstrap.vcxproj", "{415F2046-68B2-4F06-89AD-76BF68698C98}"
EndProject
Project("{8BC9CEB8-8B4A-11D0-8D11-00A0C91BC942}") = "fist", "..\apps\fist\project\fist.vcxproj", "{5156831D-F85E-4868-AFB3-B3C7FF0DAB4D}"
EndProject
Project("{8BC9CEB8-8B4A-11D0-8D11-00A0C91BC942}") = "oggplayer", "..\apps\oggplayer\project\oggplayer.vcxproj", "{3A5E432B-0F4F-4607-8786-071862679B51}"
EndProject
Project("{8BC9CEB8-8B4A-11D0-8D11-00A0C91BC942}") = "platformer", "..\apps\platformer\project\platformer.vcxproj", "{EC8156B4-A8ED-48E5-A522-ADB08582F1D9}"
EndProject
Project("{8BC9CEB8-8B4A-11D0-8D11-00A0C91BC942}") = "tetris", "..\apps\tetris\project\tetris.vcxproj", "{03F533ED-E3A5-4725-9CBC-A74AC68ABA37}"
EndProject
Project("{8BC9CEB8-8B4A-11D0-8D11-00A0C91BC942}") = "zilg", "..\apps\zilg\project\zilg.vcxproj", "{F453D65C-BBF7-4598-A2B8-ACDC74A4D74D}"
EndProject
Project("{8BC9CEB8-8B4A-11D0-8D11-00A0C91BC942}") = "computeshader", "..\apps\computeshader\project\computeshader.vcxproj", "{9DB580B6-9A70-44A7-A269-CC1ED964D013}"
EndProject
Project("{8BC9CEB8-8B4A-11D0-8D11-00A0C91BC942}") = "editor", "..\apps\editor\project\editor.vcxproj", "{06FDAE47-4829-470A-AEDB-90C52ABF28EF}"
EndProject
Project("{8BC9CEB8-8B4A-11D0-8D11-00A0C91BC942}") = "deadplanet", "..\apps\deadplanet\project\deadplanet.vcxproj", "{9F4F70C6-05AE-485F-901D-878B5022D101}"
EndProject
Global
	GlobalSection(SolutionConfigurationPlatforms) = preSolution
		Debug|x64 = Debug|x64
		Development|x64 = Development|x64
		Release|x64 = Release|x64
	EndGlobalSection
	GlobalSection(ProjectConfigurationPlatforms) = postSolution
		{008E2D09-17A3-4A13-A3C0-406F93A5F9A3}.Debug|x64.ActiveCfg = Debug|x64
		{008E2D09-17A3-4A13-A3C0-406F93A5F9A3}.Debug|x64.Build.0 = Debug|x64
		{008E2D09-17A3-4A13-A3C0-406F93A5F9A3}.Development|x64.ActiveCfg = Development|x64
		{008E2D09-17A3-4A13-A3C0-406F93A5F9A3}.Development|x64.Build.0 = Development|x64
		{008E2D09-17A3-4A13-A3C0-406F93A5F9A3}.Release|x64.ActiveCfg = Release|x64
		{008E2D09-17A3-4A13-A3C0-406F93A5F9A3}.Release|x64.Build.0 = Release|x64
		{5D156C02-4D05-4352-8DD9-C8FEAA22E410}.Debug|x64.ActiveCfg = Debug|x64
		{5D156C02-4D05-4352-8DD9-C8FEAA22E410}.Debug|x64.Build.0 = Debug|x64
		{5D156C02-4D05-4352-8DD9-C8FEAA22E410}.Development|x64.ActiveCfg = Release|x64
		{5D156C02-4D05-4352-8DD9-C8FEAA22E410}.Development|x64.Build.0 = Release|x64
		{5D156C02-4D05-4352-8DD9-C8FEAA22E410}.Release|x64.ActiveCfg = Release|x64
		{5D156C02-4D05-4352-8DD9-C8FEAA22E410}.Release|x64.Build.0 = Release|x64
		{36A9E5E3-8E3D-47CC-B833-2D17065D1F77}.Debug|x64.ActiveCfg = Debug|x64
		{36A9E5E3-8E3D-47CC-B833-2D17065D1F77}.Debug|x64.Build.0 = Debug|x64
		{36A9E5E3-8E3D-47CC-B833-2D17065D1F77}.Development|x64.ActiveCfg = Release|x64
		{36A9E5E3-8E3D-47CC-B833-2D17065D1F77}.Development|x64.Build.0 = Release|x64
		{36A9E5E3-8E3D-47CC-B833-2D17065D1F77}.Release|x64.ActiveCfg = Release|x64
		{36A9E5E3-8E3D-47CC-B833-2D17065D1F77}.Release|x64.Build.0 = Release|x64
		{415F2046-68B2-4F06-89AD-76BF68698C98}.Debug|x64.ActiveCfg = Debug|x64
		{415F2046-68B2-4F06-89AD-76BF68698C98}.Debug|x64.Build.0 = Debug|x64
		{415F2046-68B2-4F06-89AD-76BF68698C98}.Development|x64.ActiveCfg = Development|x64
		{415F2046-68B2-4F06-89AD-76BF68698C98}.Development|x64.Build.0 = Development|x64
		{415F2046-68B2-4F06-89AD-76BF68698C98}.Release|x64.ActiveCfg = Release|x64
		{415F2046-68B2-4F06-89AD-76BF68698C98}.Release|x64.Build.0 = Release|x64
		{3A5E432B-0F4F-4607-8786-071862679B51}.Debug|x64.ActiveCfg = Debug|x64
		{3A5E432B-0F4F-4607-8786-071862679B51}.Debug|x64.Build.0 = Debug|x64
		{3A5E432B-0F4F-4607-8786-071862679B51}.Development|x64.ActiveCfg = Development|x64
		{3A5E432B-0F4F-4607-8786-071862679B51}.Development|x64.Build.0 = Development|x64
		{3A5E432B-0F4F-4607-8786-071862679B51}.Release|x64.ActiveCfg = Release|x64
		{3A5E432B-0F4F-4607-8786-071862679B51}.Release|x64.Build.0 = Release|x64
		{EC8156B4-A8ED-48E5-A522-ADB08582F1D9}.Debug|x64.ActiveCfg = Debug|x64
		{EC8156B4-A8ED-48E5-A522-ADB08582F1D9}.Debug|x64.Build.0 = Debug|x64
		{EC8156B4-A8ED-48E5-A522-ADB08582F1D9}.Development|x64.ActiveCfg = Development|x64
		{EC8156B4-A8ED-48E5-A522-ADB08582F1D9}.Development|x64.Build.0 = Development|x64
		{EC8156B4-A8ED-48E5-A522-ADB08582F1D9}.Release|x64.ActiveCfg = Release|x64
		{EC8156B4-A8ED-48E5-A522-ADB08582F1D9}.Release|x64.Build.0 = Release|x64
		{03F533ED-E3A5-4725-9CBC-A74AC68ABA37}.Debug|x64.ActiveCfg = Debug|x64
		{03F533ED-E3A5-4725-9CBC-A74AC68ABA37}.Debug|x64.Build.0 = Debug|x64
		{03F533ED-E3A5-4725-9CBC-A74AC68ABA37}.Development|x64.ActiveCfg = Development|x64
		{03F533ED-E3A5-4725-9CBC-A74AC68ABA37}.Development|x64.Build.0 = Development|x64
		{03F533ED-E3A5-4725-9CBC-A74AC68ABA37}.Release|x64.ActiveCfg = Release|x64
		{03F533ED-E3A5-4725-9CBC-A74AC68ABA37}.Release|x64.Build.0 = Release|x64
		{F453D65C-BBF7-4598-A2B8-ACDC74A4D74D}.Debug|x64.ActiveCfg = Debug|x64
		{F453D65C-BBF7-4598-A2B8-ACDC74A4D74D}.Debug|x64.Build.0 = Debug|x64
		{F453D65C-BBF7-4598-A2B8-ACDC74A4D74D}.Development|x64.ActiveCfg = Development|x64
		{F453D65C-BBF7-4598-A2B8-ACDC74A4D74D}.Development|x64.Build.0 = Development|x64
		{F453D65C-BBF7-4598-A2B8-ACDC74A4D74D}.Release|x64.ActiveCfg = Release|x64
		{F453D65C-BBF7-4598-A2B8-ACDC74A4D74D}.Release|x64.Build.0 = Release|x64
		{5156831D-F85E-4868-AFB3-B3C7FF0DAB4D}.Debug|x64.ActiveCfg = Debug|x64
		{5156831D-F85E-4868-AFB3-B3C7FF0DAB4D}.Debug|x64.Build.0 = Debug|x64
		{5156831D-F85E-4868-AFB3-B3C7FF0DAB4D}.Development|x64.ActiveCfg = Development|x64
		{5156831D-F85E-4868-AFB3-B3C7FF0DAB4D}.Development|x64.Build.0 = Development|x64
		{5156831D-F85E-4868-AFB3-B3C7FF0DAB4D}.Release|x64.ActiveCfg = Release|x64
		{5156831D-F85E-4868-AFB3-B3C7FF0DAB4D}.Release|x64.Build.0 = Release|x64
		{9DB580B6-9A70-44A7-A269-CC1ED964D013}.Debug|x64.ActiveCfg = Debug|x64
		{9DB580B6-9A70-44A7-A269-CC1ED964D013}.Debug|x64.Build.0 = Debug|x64
		{9DB580B6-9A70-44A7-A269-CC1ED964D013}.Development|x64.ActiveCfg = Development|x64
		{9DB580B6-9A70-44A7-A269-CC1ED964D013}.Development|x64.Build.0 = Development|x64
		{9DB580B6-9A70-44A7-A269-CC1ED964D013}.Release|x64.ActiveCfg = Release|x64
		{9DB580B6-9A70-44A7-A269-CC1ED964D013}.Release|x64.Build.0 = Release|x64
		{06FDAE47-4829-470A-AEDB-90C52ABF28EF}.Debug|x64.ActiveCfg = Debug|x64
		{06FDAE47-4829-470A-AEDB-90C52ABF28EF}.Debug|x64.Build.0 = Debug|x64
		{06FDAE47-4829-470A-AEDB-90C52ABF28EF}.Development|x64.ActiveCfg = Development|x64
		{06FDAE47-4829-470A-AEDB-90C52ABF28EF}.Development|x64.Build.0 = Development|x64
		{06FDAE47-4829-470A-AEDB-90C52ABF28EF}.Release|x64.ActiveCfg = Release|x64
		{06FDAE47-4829-470A-AEDB-90C52ABF28EF}.Release|x64.Build.0 = Release|x64
		{9F4F70C6-05AE-485F-901D-878B5022D101}.Debug|x64.ActiveCfg = Debug|x64
		{9F4F70C6-05AE-485F-901D-878B5022D101}.Debug|x64.Build.0 = Debug|x64
		{9F4F70C6-05AE-485F-901D-878B5022D101}.Development|x64.ActiveCfg = Development|x64
		{9F4F70C6-05AE-485F-901D-878B5022D101}.Development|x64.Build.0 = Development|x64
		{9F4F70C6-05AE-485F-901D-878B5022D101}.Release|x64.ActiveCfg = Release|x64
		{9F4F70C6-05AE-485F-901D-878B5022D101}.Release|x64.Build.0 = Release|x64
	EndGlobalSection
	GlobalSection(SolutionProperties) = preSolution
		HideSolutionNode = FALSE
	EndGlobalSection
	GlobalSection(NestedProjects) = preSolution
		{008E2D09-17A3-4A13-A3C0-406F93A5F9A3} = {869FEB5D-E4DA-4705-A28E-BF37E080574E}
		{5D156C02-4D05-4352-8DD9-C8FEAA22E410} = {5AF9EF49-ACD5-417B-AEE2-E23A35ABD514}
		{36A9E5E3-8E3D-47CC-B833-2D17065D1F77} = {5AF9EF49-ACD5-417B-AEE2-E23A35ABD514}
		{415F2046-68B2-4F06-89AD-76BF68698C98} = {EC377912-C95A-4A3F-8879-6972ED1F491C}
		{3A5E432B-0F4F-4607-8786-071862679B51} = {EC377912-C95A-4A3F-8879-6972ED1F491C}
		{EC8156B4-A8ED-48E5-A522-ADB08582F1D9} = {EC377912-C95A-4A3F-8879-6972ED1F491C}
		{03F533ED-E3A5-4725-9CBC-A74AC68ABA37} = {EC377912-C95A-4A3F-8879-6972ED1F491C}
		{F453D65C-BBF7-4598-A2B8-ACDC74A4D74D} = {EC377912-C95A-4A3F-8879-6972ED1F491C}
		{5156831D-F85E-4868-AFB3-B3C7FF0DAB4D} = {EC377912-C95A-4A3F-8879-6972ED1F491C}
		{9DB580B6-9A70-44A7-A269-CC1ED964D013} = {EC377912-C95A-4A3F-8879-6972ED1F491C}
		{06FDAE47-4829-470A-AEDB-90C52ABF28EF} = {EC377912-C95A-4A3F-8879-6972ED1F491C}
		{9F4F70C6-05AE-485F-901D-878B5022D101} = {EC377912-C95A-4A3F-8879-6972ED1F491C}
	EndGlobalSection
	GlobalSection(ExtensibilityGlobals) = postSolution
		SolutionGuid = {BA9002FF-A1FF-4D0C-B7F4-E8563189C38F}
	EndGlobalSection
EndGlobal
