
Microsoft Visual Studio Solution File, Format Version 12.00
# Visual Studio Version 16
VisualStudioVersion = 16.0.30204.135
MinimumVisualStudioVersion = 10.0.40219.1
Project("{8BC9CEB8-8B4A-11D0-8D11-00A0C91BC942}") = "inept", "inept.vcxproj", "{008E2D09-17A3-4A13-A3C0-406F93A5F9A3}"
EndProject
Project("{8BC9CEB8-8B4A-11D0-8D11-00A0C91BC942}") = "fontgen", "..\tools\fontgen\project\fontgen.vcxproj", "{5D156C02-4D05-4352-8DD9-C8FEAA22E410}"
EndProject
Project("{8BC9CEB8-8B4A-11D0-8D11-00A0C91BC942}") = "bin2h", "..\tools\bin2h\project\bin2h.vcxproj", "{36A9E5E3-8E3D-47CC-B833-2D17065D1F77}"
EndProject
Project("{2150E333-8FDC-42A3-9474-1A3956D46DE8}") = "tools", "tools", "{5AF9EF49-ACD5-417B-AEE2-E23A35ABD514}"
EndProject
Project("{2150E333-8FDC-42A3-9474-1A3956D46DE8}") = "engine", "engine", "{869FEB5D-E4DA-4705-A28E-BF37E080574E}"
EndProject
Project("{8BC9CEB8-8B4A-11D0-8D11-00A0C91BC942}") = "zilg", "..\apps\zilg\project\zilg.vcxproj", "{F453D65C-BBF7-4598-A2B8-ACDC74A4D74D}"
EndProject
Global
	GlobalSection(SolutionConfigurationPlatforms) = preSolution
		Debug|x64 = Debug|x64
		Release|x64 = Release|x64
	EndGlobalSection
	GlobalSection(ProjectConfigurationPlatforms) = postSolution
		{008E2D09-17A3-4A13-A3C0-406F93A5F9A3}.Debug|x64.ActiveCfg = Debug|x64
		{008E2D09-17A3-4A13-A3C0-406F93A5F9A3}.Debug|x64.Build.0 = Debug|x64
		{008E2D09-17A3-4A13-A3C0-406F93A5F9A3}.Release|x64.ActiveCfg = Release|x64
		{008E2D09-17A3-4A13-A3C0-406F93A5F9A3}.Release|x64.Build.0 = Release|x64
		{5D156C02-4D05-4352-8DD9-C8FEAA22E410}.Debug|x64.ActiveCfg = Debug|x64
		{5D156C02-4D05-4352-8DD9-C8FEAA22E410}.Debug|x64.Build.0 = Debug|x64
		{5D156C02-4D05-4352-8DD9-C8FEAA22E410}.Release|x64.ActiveCfg = Release|x64
		{5D156C02-4D05-4352-8DD9-C8FEAA22E410}.Release|x64.Build.0 = Release|x64
		{36A9E5E3-8E3D-47CC-B833-2D17065D1F77}.Debug|x64.ActiveCfg = Debug|x64
		{36A9E5E3-8E3D-47CC-B833-2D17065D1F77}.Debug|x64.Build.0 = Debug|x64
		{36A9E5E3-8E3D-47CC-B833-2D17065D1F77}.Release|x64.ActiveCfg = Release|x64
		{36A9E5E3-8E3D-47CC-B833-2D17065D1F77}.Release|x64.Build.0 = Release|x64
		{F453D65C-BBF7-4598-A2B8-ACDC74A4D74D}.Debug|x64.ActiveCfg = Debug|x64
		{F453D65C-BBF7-4598-A2B8-ACDC74A4D74D}.Debug|x64.Build.0 = Debug|x64
		{F453D65C-BBF7-4598-A2B8-ACDC74A4D74D}.Release|x64.ActiveCfg = Release|x64
		{F453D65C-BBF7-4598-A2B8-ACDC74A4D74D}.Release|x64.Build.0 = Release|x64
	EndGlobalSection
	GlobalSection(SolutionProperties) = preSolution
		HideSolutionNode = FALSE
	EndGlobalSection
	GlobalSection(NestedProjects) = preSolution
		{008E2D09-17A3-4A13-A3C0-406F93A5F9A3} = {869FEB5D-E4DA-4705-A28E-BF37E080574E}
		{5D156C02-4D05-4352-8DD9-C8FEAA22E410} = {5AF9EF49-ACD5-417B-AEE2-E23A35ABD514}
		{36A9E5E3-8E3D-47CC-B833-2D17065D1F77} = {5AF9EF49-ACD5-417B-AEE2-E23A35ABD514}
	EndGlobalSection
	GlobalSection(ExtensibilityGlobals) = postSolution
		SolutionGuid = {90950EC0-C045-475C-BF66-6081590F6A19}
	EndGlobalSection
EndGlobal
