<Project xmlns="http://schemas.microsoft.com/developer/msbuild/2003" ToolsVersion="4.0">
  <ItemGroup>
    <Filter Include="src" />
    <Filter Include="inc" />
    <Filter Include="res" />
    <Filter Include="imgui">
      <UniqueIdentifier>{9c4ea45b-2b89-4a57-bfbd-1a2b1e78a2c9}</UniqueIdentifier>
    </Filter>
  </ItemGroup>
  <ItemGroup>
    <ClCompile Include="..\src\editor.cpp">
      <Filter>src</Filter>
    </ClCompile>
    <ClCompile Include="..\..\..\extern\imgui\imgui.cpp">
      <Filter>imgui</Filter>
    </ClCompile>
    <ClCompile Include="..\..\..\extern\imgui\imgui_demo.cpp">
      <Filter>imgui</Filter>
    </ClCompile>
    <ClCompile Include="..\..\..\extern\imgui\imgui_draw.cpp">
      <Filter>imgui</Filter>
    </ClCompile>
    <ClCompile Include="..\..\..\extern\imgui\backends\imgui_impl_opengl3.cpp">
      <Filter>imgui</Filter>
    </ClCompile>
    <ClCompile Include="..\..\..\extern\imgui\backends\imgui_impl_win32.cpp">
      <Filter>imgui</Filter>
    </ClCompile>
    <ClCompile Include="..\..\..\extern\imgui\imgui_tables.cpp">
      <Filter>imgui</Filter>
    </ClCompile>
    <ClCompile Include="..\..\..\extern\imgui\imgui_widgets.cpp">
      <Filter>imgui</Filter>
    </ClCompile>
  </ItemGroup>
  <ItemGroup>
    <ClInclude Include="..\..\..\extern\imgui\imgui.h">
      <Filter>imgui</Filter>
    </ClInclude>
    <ClInclude Include="..\..\..\extern\imgui\backends\imgui_impl_opengl3.h">
      <Filter>imgui</Filter>
    </ClInclude>
    <ClInclude Include="..\..\..\extern\imgui\backends\imgui_impl_win32.h">
      <Filter>imgui</Filter>
    </ClInclude>
    <ClInclude Include="..\..\..\extern\imgui\imconfig.h">
      <Filter>imgui</Filter>
    </ClInclude>
  </ItemGroup>
</Project>